// !$*UTF8*$!
{
	archiveVersion = 1;
	classes = {
	};
	objectVersion = 77;
	objects = {

/* Begin PBXBuildFile section */
		BBE922382D1F02FD006E9321 /* WidgetKit.framework in Frameworks */ = {isa = PBXBuildFile; fileRef = BBE922372D1F02FD006E9321 /* WidgetKit.framework */; };
		BBE9223A2D1F02FD006E9321 /* SwiftUI.framework in Frameworks */ = {isa = PBXBuildFile; fileRef = BBE922392D1F02FD006E9321 /* SwiftUI.framework */; };
		BBE9224B2D1F02FE006E9321 /* TimerWidgetExtension.appex in Embed Foundation Extensions */ = {isa = PBXBuildFile; fileRef = BBE922352D1F02FD006E9321 /* TimerWidgetExtension.appex */; settings = {ATTRIBUTES = (RemoveHeadersOnCopy, ); }; };
/* End PBXBuildFile section */

/* Begin PBXContainerItemProxy section */
		BBE921742D1DA151006E9321 /* PBXContainerItemProxy */ = {
			isa = PBXContainerItemProxy;
			containerPortal = BBE9215B2D1DA14F006E9321 /* Project object */;
			proxyType = 1;
			remoteGlobalIDString = BBE921622D1DA14F006E9321;
			remoteInfo = TakeaBreath;
		};
		BBE9217E2D1DA151006E9321 /* PBXContainerItemProxy */ = {
			isa = PBXContainerItemProxy;
			containerPortal = BBE9215B2D1DA14F006E9321 /* Project object */;
			proxyType = 1;
			remoteGlobalIDString = BBE921622D1DA14F006E9321;
			remoteInfo = TakeaBreath;
		};
		BBE922492D1F02FE006E9321 /* PBXContainerItemProxy */ = {
			isa = PBXContainerItemProxy;
			containerPortal = BBE9215B2D1DA14F006E9321 /* Project object */;
			proxyType = 1;
			remoteGlobalIDString = BBE922342D1F02FD006E9321;
			remoteInfo = TimerWidgetExtension;
		};
/* End PBXContainerItemProxy section */

/* Begin PBXCopyFilesBuildPhase section */
		BBE922502D1F02FE006E9321 /* Embed Foundation Extensions */ = {
			isa = PBXCopyFilesBuildPhase;
			buildActionMask = 2147483647;
			dstPath = "";
			dstSubfolderSpec = 13;
			files = (
				BBE9224B2D1F02FE006E9321 /* TimerWidgetExtension.appex in Embed Foundation Extensions */,
			);
			name = "Embed Foundation Extensions";
			runOnlyForDeploymentPostprocessing = 0;
		};
/* End PBXCopyFilesBuildPhase section */

/* Begin PBXFileReference section */
		BBE921632D1DA14F006E9321 /* TakeaBreath.app */ = {isa = PBXFileReference; explicitFileType = wrapper.application; includeInIndex = 0; path = TakeaBreath.app; sourceTree = BUILT_PRODUCTS_DIR; };
		BBE921732D1DA151006E9321 /* TakeaBreathTests.xctest */ = {isa = PBXFileReference; explicitFileType = wrapper.cfbundle; includeInIndex = 0; path = TakeaBreathTests.xctest; sourceTree = BUILT_PRODUCTS_DIR; };
		BBE9217D2D1DA151006E9321 /* TakeaBreathUITests.xctest */ = {isa = PBXFileReference; explicitFileType = wrapper.cfbundle; includeInIndex = 0; path = TakeaBreathUITests.xctest; sourceTree = BUILT_PRODUCTS_DIR; };
		BBE922352D1F02FD006E9321 /* TimerWidgetExtension.appex */ = {isa = PBXFileReference; explicitFileType = "wrapper.app-extension"; includeInIndex = 0; path = TimerWidgetExtension.appex; sourceTree = BUILT_PRODUCTS_DIR; };
		BBE922372D1F02FD006E9321 /* WidgetKit.framework */ = {isa = PBXFileReference; lastKnownFileType = wrapper.framework; name = WidgetKit.framework; path = System/Library/Frameworks/WidgetKit.framework; sourceTree = SDKROOT; };
		BBE922392D1F02FD006E9321 /* SwiftUI.framework */ = {isa = PBXFileReference; lastKnownFileType = wrapper.framework; name = SwiftUI.framework; path = System/Library/Frameworks/SwiftUI.framework; sourceTree = SDKROOT; };
/* End PBXFileReference section */

/* Begin PBXFileSystemSynchronizedBuildFileExceptionSet section */
		BBE9224F2D1F02FE006E9321 /* Exceptions for "TimerWidget" folder in "TimerWidgetExtension" target */ = {
			isa = PBXFileSystemSynchronizedBuildFileExceptionSet;
			membershipExceptions = (
				Info.plist,
			);
			target = BBE922342D1F02FD006E9321 /* TimerWidgetExtension */;
		};
		BBE9225E2D1F0AAE006E9321 /* Exceptions for "TakeaBreath" folder in "TakeaBreath" target */ = {
			isa = PBXFileSystemSynchronizedBuildFileExceptionSet;
			membershipExceptions = (
				Info.plist,
			);
			target = BBE921622D1DA14F006E9321 /* TakeaBreath */;
		};
/* End PBXFileSystemSynchronizedBuildFileExceptionSet section */

/* Begin PBXFileSystemSynchronizedRootGroup section */
		BBE921652D1DA14F006E9321 /* TakeaBreath */ = {
			isa = PBXFileSystemSynchronizedRootGroup;
			exceptions = (
				BBE9225E2D1F0AAE006E9321 /* Exceptions for "TakeaBreath" folder in "TakeaBreath" target */,
			);
			path = TakeaBreath;
			sourceTree = "<group>";
		};
		BBE921762D1DA151006E9321 /* TakeaBreathTests */ = {
			isa = PBXFileSystemSynchronizedRootGroup;
			path = TakeaBreathTests;
			sourceTree = "<group>";
		};
		BBE921802D1DA151006E9321 /* TakeaBreathUITests */ = {
			isa = PBXFileSystemSynchronizedRootGroup;
			path = TakeaBreathUITests;
			sourceTree = "<group>";
		};
		BBE9223B2D1F02FD006E9321 /* TimerWidget */ = {
			isa = PBXFileSystemSynchronizedRootGroup;
			exceptions = (
				BBE9224F2D1F02FE006E9321 /* Exceptions for "TimerWidget" folder in "TimerWidgetExtension" target */,
			);
			path = TimerWidget;
			sourceTree = "<group>";
		};
/* End PBXFileSystemSynchronizedRootGroup section */

/* Begin PBXFrameworksBuildPhase section */
		BBE921602D1DA14F006E9321 /* Frameworks */ = {
			isa = PBXFrameworksBuildPhase;
			buildActionMask = 2147483647;
			files = (
			);
			runOnlyForDeploymentPostprocessing = 0;
		};
		BBE921702D1DA151006E9321 /* Frameworks */ = {
			isa = PBXFrameworksBuildPhase;
			buildActionMask = 2147483647;
			files = (
			);
			runOnlyForDeploymentPostprocessing = 0;
		};
		BBE9217A2D1DA151006E9321 /* Frameworks */ = {
			isa = PBXFrameworksBuildPhase;
			buildActionMask = 2147483647;
			files = (
			);
			runOnlyForDeploymentPostprocessing = 0;
		};
		BBE922322D1F02FD006E9321 /* Frameworks */ = {
			isa = PBXFrameworksBuildPhase;
			buildActionMask = 2147483647;
			files = (
				BBE9223A2D1F02FD006E9321 /* SwiftUI.framework in Frameworks */,
				BBE922382D1F02FD006E9321 /* WidgetKit.framework in Frameworks */,
			);
			runOnlyForDeploymentPostprocessing = 0;
		};
/* End PBXFrameworksBuildPhase section */

/* Begin PBXGroup section */
		BBE9215A2D1DA14F006E9321 = {
			isa = PBXGroup;
			children = (
				BBE921652D1DA14F006E9321 /* TakeaBreath */,
				BBE921762D1DA151006E9321 /* TakeaBreathTests */,
				BBE921802D1DA151006E9321 /* TakeaBreathUITests */,
				BBE9223B2D1F02FD006E9321 /* TimerWidget */,
				BBE922362D1F02FD006E9321 /* Frameworks */,
				BBE921642D1DA14F006E9321 /* Products */,
			);
			sourceTree = "<group>";
		};
		BBE921642D1DA14F006E9321 /* Products */ = {
			isa = PBXGroup;
			children = (
				BBE921632D1DA14F006E9321 /* TakeaBreath.app */,
				BBE921732D1DA151006E9321 /* TakeaBreathTests.xctest */,
				BBE9217D2D1DA151006E9321 /* TakeaBreathUITests.xctest */,
				BBE922352D1F02FD006E9321 /* TimerWidgetExtension.appex */,
			);
			name = Products;
			sourceTree = "<group>";
		};
		BBE922362D1F02FD006E9321 /* Frameworks */ = {
			isa = PBXGroup;
			children = (
				BBE922372D1F02FD006E9321 /* WidgetKit.framework */,
				BBE922392D1F02FD006E9321 /* SwiftUI.framework */,
			);
			name = Frameworks;
			sourceTree = "<group>";
		};
/* End PBXGroup section */

/* Begin PBXNativeTarget section */
		BBE921622D1DA14F006E9321 /* TakeaBreath */ = {
			isa = PBXNativeTarget;
			buildConfigurationList = BBE921872D1DA151006E9321 /* Build configuration list for PBXNativeTarget "TakeaBreath" */;
			buildPhases = (
				BBE9215F2D1DA14F006E9321 /* Sources */,
				BBE921602D1DA14F006E9321 /* Frameworks */,
				BBE921612D1DA14F006E9321 /* Resources */,
				BBE922502D1F02FE006E9321 /* Embed Foundation Extensions */,
			);
			buildRules = (
			);
			dependencies = (
				BBE9224A2D1F02FE006E9321 /* PBXTargetDependency */,
			);
			fileSystemSynchronizedGroups = (
				BBE921652D1DA14F006E9321 /* TakeaBreath */,
			);
			name = TakeaBreath;
			packageProductDependencies = (
			);
			productName = TakeaBreath;
			productReference = BBE921632D1DA14F006E9321 /* TakeaBreath.app */;
			productType = "com.apple.product-type.application";
		};
		BBE921722D1DA151006E9321 /* TakeaBreathTests */ = {
			isa = PBXNativeTarget;
			buildConfigurationList = BBE9218A2D1DA151006E9321 /* Build configuration list for PBXNativeTarget "TakeaBreathTests" */;
			buildPhases = (
				BBE9216F2D1DA151006E9321 /* Sources */,
				BBE921702D1DA151006E9321 /* Frameworks */,
				BBE921712D1DA151006E9321 /* Resources */,
			);
			buildRules = (
			);
			dependencies = (
				BBE921752D1DA151006E9321 /* PBXTargetDependency */,
			);
			fileSystemSynchronizedGroups = (
				BBE921762D1DA151006E9321 /* TakeaBreathTests */,
			);
			name = TakeaBreathTests;
			packageProductDependencies = (
			);
			productName = TakeaBreathTests;
			productReference = BBE921732D1DA151006E9321 /* TakeaBreathTests.xctest */;
			productType = "com.apple.product-type.bundle.unit-test";
		};
		BBE9217C2D1DA151006E9321 /* TakeaBreathUITests */ = {
			isa = PBXNativeTarget;
			buildConfigurationList = BBE9218D2D1DA151006E9321 /* Build configuration list for PBXNativeTarget "TakeaBreathUITests" */;
			buildPhases = (
				BBE921792D1DA151006E9321 /* Sources */,
				BBE9217A2D1DA151006E9321 /* Frameworks */,
				BBE9217B2D1DA151006E9321 /* Resources */,
			);
			buildRules = (
			);
			dependencies = (
				BBE9217F2D1DA151006E9321 /* PBXTargetDependency */,
			);
			fileSystemSynchronizedGroups = (
				BBE921802D1DA151006E9321 /* TakeaBreathUITests */,
			);
			name = TakeaBreathUITests;
			packageProductDependencies = (
			);
			productName = TakeaBreathUITests;
			productReference = BBE9217D2D1DA151006E9321 /* TakeaBreathUITests.xctest */;
			productType = "com.apple.product-type.bundle.ui-testing";
		};
		BBE922342D1F02FD006E9321 /* TimerWidgetExtension */ = {
			isa = PBXNativeTarget;
			buildConfigurationList = BBE9224C2D1F02FE006E9321 /* Build configuration list for PBXNativeTarget "TimerWidgetExtension" */;
			buildPhases = (
				BBE922312D1F02FD006E9321 /* Sources */,
				BBE922322D1F02FD006E9321 /* Frameworks */,
				BBE922332D1F02FD006E9321 /* Resources */,
			);
			buildRules = (
			);
			dependencies = (
			);
			fileSystemSynchronizedGroups = (
				BBE9223B2D1F02FD006E9321 /* TimerWidget */,
			);
			name = TimerWidgetExtension;
			packageProductDependencies = (
			);
			productName = TimerWidgetExtension;
			productReference = BBE922352D1F02FD006E9321 /* TimerWidgetExtension.appex */;
			productType = "com.apple.product-type.app-extension";
		};
/* End PBXNativeTarget section */

/* Begin PBXProject section */
		BBE9215B2D1DA14F006E9321 /* Project object */ = {
			isa = PBXProject;
			attributes = {
				BuildIndependentTargetsInParallel = 1;
				LastSwiftUpdateCheck = 1620;
				LastUpgradeCheck = 1620;
				TargetAttributes = {
					BBE921622D1DA14F006E9321 = {
						CreatedOnToolsVersion = 16.2;
					};
					BBE921722D1DA151006E9321 = {
						CreatedOnToolsVersion = 16.2;
						TestTargetID = BBE921622D1DA14F006E9321;
					};
					BBE9217C2D1DA151006E9321 = {
						CreatedOnToolsVersion = 16.2;
						TestTargetID = BBE921622D1DA14F006E9321;
					};
					BBE922342D1F02FD006E9321 = {
						CreatedOnToolsVersion = 16.2;
					};
				};
			};
			buildConfigurationList = BBE9215E2D1DA14F006E9321 /* Build configuration list for PBXProject "TakeaBreath" */;
			developmentRegion = en;
			hasScannedForEncodings = 0;
			knownRegions = (
				en,
				Base,
				es,
				ar,
				hi,
				pt,
				ru,
				ja,
				tr,
			);
			mainGroup = BBE9215A2D1DA14F006E9321;
			minimizedProjectReferenceProxies = 1;
			preferredProjectObjectVersion = 77;
			productRefGroup = BBE921642D1DA14F006E9321 /* Products */;
			projectDirPath = "";
			projectRoot = "";
			targets = (
				BBE921622D1DA14F006E9321 /* TakeaBreath */,
				BBE921722D1DA151006E9321 /* TakeaBreathTests */,
				BBE9217C2D1DA151006E9321 /* TakeaBreathUITests */,
				BBE922342D1F02FD006E9321 /* TimerWidgetExtension */,
			);
		};
/* End PBXProject section */

/* Begin PBXResourcesBuildPhase section */
		BBE921612D1DA14F006E9321 /* Resources */ = {
			isa = PBXResourcesBuildPhase;
			buildActionMask = 2147483647;
			files = (
			);
			runOnlyForDeploymentPostprocessing = 0;
		};
		BBE921712D1DA151006E9321 /* Resources */ = {
			isa = PBXResourcesBuildPhase;
			buildActionMask = 2147483647;
			files = (
			);
			runOnlyForDeploymentPostprocessing = 0;
		};
		BBE9217B2D1DA151006E9321 /* Resources */ = {
			isa = PBXResourcesBuildPhase;
			buildActionMask = 2147483647;
			files = (
			);
			runOnlyForDeploymentPostprocessing = 0;
		};
		BBE922332D1F02FD006E9321 /* Resources */ = {
			isa = PBXResourcesBuildPhase;
			buildActionMask = 2147483647;
			files = (
			);
			runOnlyForDeploymentPostprocessing = 0;
		};
/* End PBXResourcesBuildPhase section */

/* Begin PBXSourcesBuildPhase section */
		BBE9215F2D1DA14F006E9321 /* Sources */ = {
			isa = PBXSourcesBuildPhase;
			buildActionMask = 2147483647;
			files = (
			);
			runOnlyForDeploymentPostprocessing = 0;
		};
		BBE9216F2D1DA151006E9321 /* Sources */ = {
			isa = PBXSourcesBuildPhase;
			buildActionMask = 2147483647;
			files = (
			);
			runOnlyForDeploymentPostprocessing = 0;
		};
		BBE921792D1DA151006E9321 /* Sources */ = {
			isa = PBXSourcesBuildPhase;
			buildActionMask = 2147483647;
			files = (
			);
			runOnlyForDeploymentPostprocessing = 0;
		};
		BBE922312D1F02FD006E9321 /* Sources */ = {
			isa = PBXSourcesBuildPhase;
			buildActionMask = 2147483647;
			files = (
			);
			runOnlyForDeploymentPostprocessing = 0;
		};
/* End PBXSourcesBuildPhase section */

/* Begin PBXTargetDependency section */
		BBE921752D1DA151006E9321 /* PBXTargetDependency */ = {
			isa = PBXTargetDependency;
			target = BBE921622D1DA14F006E9321 /* TakeaBreath */;
			targetProxy = BBE921742D1DA151006E9321 /* PBXContainerItemProxy */;
		};
		BBE9217F2D1DA151006E9321 /* PBXTargetDependency */ = {
			isa = PBXTargetDependency;
			target = BBE921622D1DA14F006E9321 /* TakeaBreath */;
			targetProxy = BBE9217E2D1DA151006E9321 /* PBXContainerItemProxy */;
		};
		BBE9224A2D1F02FE006E9321 /* PBXTargetDependency */ = {
			isa = PBXTargetDependency;
			target = BBE922342D1F02FD006E9321 /* TimerWidgetExtension */;
			targetProxy = BBE922492D1F02FE006E9321 /* PBXContainerItemProxy */;
		};
/* End PBXTargetDependency section */

/* Begin XCBuildConfiguration section */
		BBE921852D1DA151006E9321 /* Debug */ = {
			isa = XCBuildConfiguration;
			buildSettings = {
				ALWAYS_SEARCH_USER_PATHS = NO;
				ASSETCATALOG_COMPILER_GENERATE_SWIFT_ASSET_SYMBOL_EXTENSIONS = YES;
				CLANG_ANALYZER_NONNULL = YES;
				CLANG_ANALYZER_NUMBER_OBJECT_CONVERSION = YES_AGGRESSIVE;
				CLANG_CXX_LANGUAGE_STANDARD = "gnu++20";
				CLANG_ENABLE_MODULES = YES;
				CLANG_ENABLE_OBJC_ARC = YES;
				CLANG_ENABLE_OBJC_WEAK = YES;
				CLANG_WARN_BLOCK_CAPTURE_AUTORELEASING = YES;
				CLANG_WARN_BOOL_CONVERSION = YES;
				CLANG_WARN_COMMA = YES;
				CLANG_WARN_CONSTANT_CONVERSION = YES;
				CLANG_WARN_DEPRECATED_OBJC_IMPLEMENTATIONS = YES;
				CLANG_WARN_DIRECT_OBJC_ISA_USAGE = YES_ERROR;
				CLANG_WARN_DOCUMENTATION_COMMENTS = YES;
				CLANG_WARN_EMPTY_BODY = YES;
				CLANG_WARN_ENUM_CONVERSION = YES;
				CLANG_WARN_INFINITE_RECURSION = YES;
				CLANG_WARN_INT_CONVERSION = YES;
				CLANG_WARN_NON_LITERAL_NULL_CONVERSION = YES;
				CLANG_WARN_OBJC_IMPLICIT_RETAIN_SELF = YES;
				CLANG_WARN_OBJC_LITERAL_CONVERSION = YES;
				CLANG_WARN_OBJC_ROOT_CLASS = YES_ERROR;
				CLANG_WARN_QUOTED_INCLUDE_IN_FRAMEWORK_HEADER = YES;
				CLANG_WARN_RANGE_LOOP_ANALYSIS = YES;
				CLANG_WARN_STRICT_PROTOTYPES = YES;
				CLANG_WARN_SUSPICIOUS_MOVE = YES;
				CLANG_WARN_UNGUARDED_AVAILABILITY = YES_AGGRESSIVE;
				CLANG_WARN_UNREACHABLE_CODE = YES;
				CLANG_WARN__DUPLICATE_METHOD_MATCH = YES;
				COPY_PHASE_STRIP = NO;
				DEBUG_INFORMATION_FORMAT = dwarf;
				ENABLE_STRICT_OBJC_MSGSEND = YES;
				ENABLE_TESTABILITY = YES;
				ENABLE_USER_SCRIPT_SANDBOXING = YES;
				GCC_C_LANGUAGE_STANDARD = gnu17;
				GCC_DYNAMIC_NO_PIC = NO;
				GCC_NO_COMMON_BLOCKS = YES;
				GCC_OPTIMIZATION_LEVEL = 0;
				GCC_PREPROCESSOR_DEFINITIONS = (
					"DEBUG=1",
					"$(inherited)",
				);
				GCC_WARN_64_TO_32_BIT_CONVERSION = YES;
				GCC_WARN_ABOUT_RETURN_TYPE = YES_ERROR;
				GCC_WARN_UNDECLARED_SELECTOR = YES;
				GCC_WARN_UNINITIALIZED_AUTOS = YES_AGGRESSIVE;
				GCC_WARN_UNUSED_FUNCTION = YES;
				GCC_WARN_UNUSED_VARIABLE = YES;
				IPHONEOS_DEPLOYMENT_TARGET = 18.2;
				LOCALIZATION_PREFERS_STRING_CATALOGS = YES;
				MTL_ENABLE_DEBUG_INFO = INCLUDE_SOURCE;
				MTL_FAST_MATH = YES;
				ONLY_ACTIVE_ARCH = YES;
				SDKROOT = iphoneos;
				SWIFT_ACTIVE_COMPILATION_CONDITIONS = "DEBUG $(inherited)";
				SWIFT_OPTIMIZATION_LEVEL = "-Onone";
			};
			name = Debug;
		};
		BBE921862D1DA151006E9321 /* Release */ = {
			isa = XCBuildConfiguration;
			buildSettings = {
				ALWAYS_SEARCH_USER_PATHS = NO;
				ASSETCATALOG_COMPILER_GENERATE_SWIFT_ASSET_SYMBOL_EXTENSIONS = YES;
				CLANG_ANALYZER_NONNULL = YES;
				CLANG_ANALYZER_NUMBER_OBJECT_CONVERSION = YES_AGGRESSIVE;
				CLANG_CXX_LANGUAGE_STANDARD = "gnu++20";
				CLANG_ENABLE_MODULES = YES;
				CLANG_ENABLE_OBJC_ARC = YES;
				CLANG_ENABLE_OBJC_WEAK = YES;
				CLANG_WARN_BLOCK_CAPTURE_AUTORELEASING = YES;
				CLANG_WARN_BOOL_CONVERSION = YES;
				CLANG_WARN_COMMA = YES;
				CLANG_WARN_CONSTANT_CONVERSION = YES;
				CLANG_WARN_DEPRECATED_OBJC_IMPLEMENTATIONS = YES;
				CLANG_WARN_DIRECT_OBJC_ISA_USAGE = YES_ERROR;
				CLANG_WARN_DOCUMENTATION_COMMENTS = YES;
				CLANG_WARN_EMPTY_BODY = YES;
				CLANG_WARN_ENUM_CONVERSION = YES;
				CLANG_WARN_INFINITE_RECURSION = YES;
				CLANG_WARN_INT_CONVERSION = YES;
				CLANG_WARN_NON_LITERAL_NULL_CONVERSION = YES;
				CLANG_WARN_OBJC_IMPLICIT_RETAIN_SELF = YES;
				CLANG_WARN_OBJC_LITERAL_CONVERSION = YES;
				CLANG_WARN_OBJC_ROOT_CLASS = YES_ERROR;
				CLANG_WARN_QUOTED_INCLUDE_IN_FRAMEWORK_HEADER = YES;
				CLANG_WARN_RANGE_LOOP_ANALYSIS = YES;
				CLANG_WARN_STRICT_PROTOTYPES = YES;
				CLANG_WARN_SUSPICIOUS_MOVE = YES;
				CLANG_WARN_UNGUARDED_AVAILABILITY = YES_AGGRESSIVE;
				CLANG_WARN_UNREACHABLE_CODE = YES;
				CLANG_WARN__DUPLICATE_METHOD_MATCH = YES;
				COPY_PHASE_STRIP = NO;
				DEBUG_INFORMATION_FORMAT = "dwarf-with-dsym";
				ENABLE_NS_ASSERTIONS = NO;
				ENABLE_STRICT_OBJC_MSGSEND = YES;
				ENABLE_USER_SCRIPT_SANDBOXING = YES;
				GCC_C_LANGUAGE_STANDARD = gnu17;
				GCC_NO_COMMON_BLOCKS = YES;
				GCC_WARN_64_TO_32_BIT_CONVERSION = YES;
				GCC_WARN_ABOUT_RETURN_TYPE = YES_ERROR;
				GCC_WARN_UNDECLARED_SELECTOR = YES;
				GCC_WARN_UNINITIALIZED_AUTOS = YES_AGGRESSIVE;
				GCC_WARN_UNUSED_FUNCTION = YES;
				GCC_WARN_UNUSED_VARIABLE = YES;
				IPHONEOS_DEPLOYMENT_TARGET = 18.2;
				LOCALIZATION_PREFERS_STRING_CATALOGS = YES;
				MTL_ENABLE_DEBUG_INFO = NO;
				MTL_FAST_MATH = YES;
				SDKROOT = iphoneos;
				SWIFT_COMPILATION_MODE = wholemodule;
				VALIDATE_PRODUCT = YES;
			};
			name = Release;
		};
		BBE921882D1DA151006E9321 /* Debug */ = {
			isa = XCBuildConfiguration;
			buildSettings = {
				ASSETCATALOG_COMPILER_APPICON_NAME = AppIcon;
				ASSETCATALOG_COMPILER_GLOBAL_ACCENT_COLOR_NAME = AccentColor;
				CODE_SIGN_ENTITLEMENTS = TakeaBreath/TakeaBreath.entitlements;
				CODE_SIGN_STYLE = Automatic;
				CURRENT_PROJECT_VERSION = 2;
				DEVELOPMENT_ASSET_PATHS = "\"TakeaBreath/Preview Content\"";
				DEVELOPMENT_TEAM = AY8MN643FP;
				ENABLE_PREVIEWS = YES;
				GENERATE_INFOPLIST_FILE = YES;
				INFOPLIST_FILE = TakeaBreath/Info.plist;
				INFOPLIST_KEY_CFBundleDisplayName = "Take Breath";
				INFOPLIST_KEY_UIApplicationSceneManifest_Generation = YES;
				INFOPLIST_KEY_UIApplicationSupportsIndirectInputEvents = YES;
				INFOPLIST_KEY_UILaunchScreen_Generation = YES;
				INFOPLIST_KEY_UISupportedInterfaceOrientations_iPad = "UIInterfaceOrientationPortrait UIInterfaceOrientationPortraitUpsideDown UIInterfaceOrientationLandscapeLeft UIInterfaceOrientationLandscapeRight";
				INFOPLIST_KEY_UISupportedInterfaceOrientations_iPhone = "UIInterfaceOrientationPortrait UIInterfaceOrientationLandscapeLeft UIInterfaceOrientationLandscapeRight";
				IPHONEOS_DEPLOYMENT_TARGET = 17.6;
				LD_RUNPATH_SEARCH_PATHS = (
					"$(inherited)",
					"@executable_path/Frameworks",
				);
				MARKETING_VERSION = 1.0.1;
				PRODUCT_BUNDLE_IDENTIFIER = com.kamay.TakeaBreath;
				PRODUCT_NAME = "$(TARGET_NAME)";
				SWIFT_EMIT_LOC_STRINGS = YES;
				SWIFT_VERSION = 5.0;
				TARGETED_DEVICE_FAMILY = "1,2";
			};
			name = Debug;
		};
		BBE921892D1DA151006E9321 /* Release */ = {
			isa = XCBuildConfiguration;
			buildSettings = {
				ASSETCATALOG_COMPILER_APPICON_NAME = AppIcon;
				ASSETCATALOG_COMPILER_GLOBAL_ACCENT_COLOR_NAME = AccentColor;
				CODE_SIGN_ENTITLEMENTS = TakeaBreath/TakeaBreath.entitlements;
				CODE_SIGN_STYLE = Automatic;
				CURRENT_PROJECT_VERSION = 2;
				DEVELOPMENT_ASSET_PATHS = "\"TakeaBreath/Preview Content\"";
				DEVELOPMENT_TEAM = AY8MN643FP;
				ENABLE_PREVIEWS = YES;
				GENERATE_INFOPLIST_FILE = YES;
				INFOPLIST_FILE = TakeaBreath/Info.plist;
				INFOPLIST_KEY_CFBundleDisplayName = "Take Breath";
				INFOPLIST_KEY_UIApplicationSceneManifest_Generation = YES;
				INFOPLIST_KEY_UIApplicationSupportsIndirectInputEvents = YES;
				INFOPLIST_KEY_UILaunchScreen_Generation = YES;
				INFOPLIST_KEY_UISupportedInterfaceOrientations_iPad = "UIInterfaceOrientationPortrait UIInterfaceOrientationPortraitUpsideDown UIInterfaceOrientationLandscapeLeft UIInterfaceOrientationLandscapeRight";
				INFOPLIST_KEY_UISupportedInterfaceOrientations_iPhone = "UIInterfaceOrientationPortrait UIInterfaceOrientationLandscapeLeft UIInterfaceOrientationLandscapeRight";
				IPHONEOS_DEPLOYMENT_TARGET = 17.6;
				LD_RUNPATH_SEARCH_PATHS = (
					"$(inherited)",
					"@executable_path/Frameworks",
				);
				MARKETING_VERSION = 1.0.1;
				PRODUCT_BUNDLE_IDENTIFIER = com.kamay.TakeaBreath;
				PRODUCT_NAME = "$(TARGET_NAME)";
				SWIFT_EMIT_LOC_STRINGS = YES;
				SWIFT_VERSION = 5.0;
				TARGETED_DEVICE_FAMILY = "1,2";
			};
			name = Release;
		};
		BBE9218B2D1DA151006E9321 /* Debug */ = {
			isa = XCBuildConfiguration;
			buildSettings = {
				BUNDLE_LOADER = "$(TEST_HOST)";
				CODE_SIGN_STYLE = Automatic;
				CURRENT_PROJECT_VERSION = 1;
				DEVELOPMENT_TEAM = AY8MN643FP;
				GENERATE_INFOPLIST_FILE = YES;
				IPHONEOS_DEPLOYMENT_TARGET = 18.2;
				MARKETING_VERSION = 1.0;
				PRODUCT_BUNDLE_IDENTIFIER = com.kamay.TakeaBreathTests;
				PRODUCT_NAME = "$(TARGET_NAME)";
				SWIFT_EMIT_LOC_STRINGS = NO;
				SWIFT_VERSION = 5.0;
				TARGETED_DEVICE_FAMILY = "1,2";
				TEST_HOST = "$(BUILT_PRODUCTS_DIR)/TakeaBreath.app/$(BUNDLE_EXECUTABLE_FOLDER_PATH)/TakeaBreath";
			};
			name = Debug;
		};
		BBE9218C2D1DA151006E9321 /* Release */ = {
			isa = XCBuildConfiguration;
			buildSettings = {
				BUNDLE_LOADER = "$(TEST_HOST)";
				CODE_SIGN_STYLE = Automatic;
				CURRENT_PROJECT_VERSION = 1;
				DEVELOPMENT_TEAM = AY8MN643FP;
				GENERATE_INFOPLIST_FILE = YES;
				IPHONEOS_DEPLOYMENT_TARGET = 18.2;
				MARKETING_VERSION = 1.0;
				PRODUCT_BUNDLE_IDENTIFIER = com.kamay.TakeaBreathTests;
				PRODUCT_NAME = "$(TARGET_NAME)";
				SWIFT_EMIT_LOC_STRINGS = NO;
				SWIFT_VERSION = 5.0;
				TARGETED_DEVICE_FAMILY = "1,2";
				TEST_HOST = "$(BUILT_PRODUCTS_DIR)/TakeaBreath.app/$(BUNDLE_EXECUTABLE_FOLDER_PATH)/TakeaBreath";
			};
			name = Release;
		};
		BBE9218E2D1DA151006E9321 /* Debug */ = {
			isa = XCBuildConfiguration;
			buildSettings = {
				CODE_SIGN_STYLE = Automatic;
				CURRENT_PROJECT_VERSION = 1;
				DEVELOPMENT_TEAM = AY8MN643FP;
				GENERATE_INFOPLIST_FILE = YES;
				MARKETING_VERSION = 1.0;
				PRODUCT_BUNDLE_IDENTIFIER = com.kamay.TakeaBreathUITests;
				PRODUCT_NAME = "$(TARGET_NAME)";
				SWIFT_EMIT_LOC_STRINGS = NO;
				SWIFT_VERSION = 5.0;
				TARGETED_DEVICE_FAMILY = "1,2";
				TEST_TARGET_NAME = TakeaBreath;
			};
			name = Debug;
		};
		BBE9218F2D1DA151006E9321 /* Release */ = {
			isa = XCBuildConfiguration;
			buildSettings = {
				CODE_SIGN_STYLE = Automatic;
				CURRENT_PROJECT_VERSION = 1;
				DEVELOPMENT_TEAM = AY8MN643FP;
				GENERATE_INFOPLIST_FILE = YES;
				MARKETING_VERSION = 1.0;
				PRODUCT_BUNDLE_IDENTIFIER = com.kamay.TakeaBreathUITests;
				PRODUCT_NAME = "$(TARGET_NAME)";
				SWIFT_EMIT_LOC_STRINGS = NO;
				SWIFT_VERSION = 5.0;
				TARGETED_DEVICE_FAMILY = "1,2";
				TEST_TARGET_NAME = TakeaBreath;
			};
			name = Release;
		};
		BBE9224D2D1F02FE006E9321 /* Debug */ = {
			isa = XCBuildConfiguration;
			buildSettings = {
				ASSETCATALOG_COMPILER_GLOBAL_ACCENT_COLOR_NAME = AccentColor;
				ASSETCATALOG_COMPILER_WIDGET_BACKGROUND_COLOR_NAME = WidgetBackground;
				CODE_SIGN_STYLE = Automatic;
				CURRENT_PROJECT_VERSION = 1;
				DEVELOPMENT_TEAM = AY8MN643FP;
				GENERATE_INFOPLIST_FILE = YES;
				INFOPLIST_FILE = TimerWidget/Info.plist;
				INFOPLIST_KEY_CFBundleDisplayName = TimerWidget;
				INFOPLIST_KEY_NSHumanReadableCopyright = "";
				LD_RUNPATH_SEARCH_PATHS = (
					"$(inherited)",
					"@executable_path/Frameworks",
					"@executable_path/../../Frameworks",
				);
				MARKETING_VERSION = 1.0;
				PRODUCT_BUNDLE_IDENTIFIER = com.kamay.TakeaBreath.TimerWidget;
				PRODUCT_NAME = "$(TARGET_NAME)";
				SKIP_INSTALL = YES;
				SWIFT_EMIT_LOC_STRINGS = YES;
				SWIFT_VERSION = 5.0;
				TARGETED_DEVICE_FAMILY = "1,2";
			};
			name = Debug;
		};
		BBE9224E2D1F02FE006E9321 /* Release */ = {
			isa = XCBuildConfiguration;
			buildSettings = {
				ASSETCATALOG_COMPILER_GLOBAL_ACCENT_COLOR_NAME = AccentColor;
				ASSETCATALOG_COMPILER_WIDGET_BACKGROUND_COLOR_NAME = WidgetBackground;
				CODE_SIGN_STYLE = Automatic;
				CURRENT_PROJECT_VERSION = 1;
				DEVELOPMENT_TEAM = AY8MN643FP;
				GENERATE_INFOPLIST_FILE = YES;
				INFOPLIST_FILE = TimerWidget/Info.plist;
				INFOPLIST_KEY_CFBundleDisplayName = TimerWidget;
				INFOPLIST_KEY_NSHumanReadableCopyright = "";
				LD_RUNPATH_SEARCH_PATHS = (
					"$(inherited)",
					"@executable_path/Frameworks",
					"@executable_path/../../Frameworks",
				);
				MARKETING_VERSION = 1.0;
				PRODUCT_BUNDLE_IDENTIFIER = com.kamay.TakeaBreath.TimerWidget;
				PRODUCT_NAME = "$(TARGET_NAME)";
				SKIP_INSTALL = YES;
				SWIFT_EMIT_LOC_STRINGS = YES;
				SWIFT_VERSION = 5.0;
				TARGETED_DEVICE_FAMILY = "1,2";
			};
			name = Release;
		};
/* End XCBuildConfiguration section */

/* Begin XCConfigurationList section */
		BBE9215E2D1DA14F006E9321 /* Build configuration list for PBXProject "TakeaBreath" */ = {
			isa = XCConfigurationList;
			buildConfigurations = (
				BBE921852D1DA151006E9321 /* Debug */,
				BBE921862D1DA151006E9321 /* Release */,
			);
			defaultConfigurationIsVisible = 0;
			defaultConfigurationName = Release;
		};
		BBE921872D1DA151006E9321 /* Build configuration list for PBXNativeTarget "TakeaBreath" */ = {
			isa = XCConfigurationList;
			buildConfigurations = (
				BBE921882D1DA151006E9321 /* Debug */,
				BBE921892D1DA151006E9321 /* Release */,
			);
			defaultConfigurationIsVisible = 0;
			defaultConfigurationName = Release;
		};
		BBE9218A2D1DA151006E9321 /* Build configuration list for PBXNativeTarget "TakeaBreathTests" */ = {
			isa = XCConfigurationList;
			buildConfigurations = (
				BBE9218B2D1DA151006E9321 /* Debug */,
				BBE9218C2D1DA151006E9321 /* Release */,
			);
			defaultConfigurationIsVisible = 0;
			defaultConfigurationName = Release;
		};
		BBE9218D2D1DA151006E9321 /* Build configuration list for PBXNativeTarget "TakeaBreathUITests" */ = {
			isa = XCConfigurationList;
			buildConfigurations = (
				BBE9218E2D1DA151006E9321 /* Debug */,
				BBE9218F2D1DA151006E9321 /* Release */,
			);
			defaultConfigurationIsVisible = 0;
			defaultConfigurationName = Release;
		};
		BBE9224C2D1F02FE006E9321 /* Build configuration list for PBXNativeTarget "TimerWidgetExtension" */ = {
			isa = XCConfigurationList;
			buildConfigurations = (
				BBE9224D2D1F02FE006E9321 /* Debug */,
				BBE9224E2D1F02FE006E9321 /* Release */,
			);
			defaultConfigurationIsVisible = 0;
			defaultConfigurationName = Release;
		};
/* End XCConfigurationList section */
	};
	rootObject = BBE9215B2D1DA14F006E9321 /* Project object */;
}
